
Microsoft Visual Studio Solution File, Format Version 12.00
# Visual Studio 15
VisualStudioVersion = 15.0.26124.0
MinimumVisualStudioVersion = 15.0.26124.0
Project("{FAE04EC0-301F-11D3-BF4B-00C04F79EFBC}") = "WorkoutTracker.Api", "WorkoutTracker.Api\WorkoutTracker.Api.csproj", "{A7288687-BF8D-40F4-9830-E61B5296307B}"
EndProject
Project("{FAE04EC0-301F-11D3-BF4B-00C04F79EFBC}") = "WorkoutTracker.Domain", "WorkoutTracker.Domain\WorkoutTracker.Domain.csproj", "{B1090A5D-18C7-4ED6-BFBA-4B58EA77B19D}"
EndProject
Project("{FAE04EC0-301F-11D3-BF4B-00C04F79EFBC}") = "WorkoutTracker.Domain.UnitTests", "WorkoutTracker.Domain.UnitTests\WorkoutTracker.Domain.UnitTests.csproj", "{93E5FF33-15DC-40E3-A90B-602CD5ABFCF1}"
EndProject
Project("{FAE04EC0-301F-11D3-BF4B-00C04F79EFBC}") = "WorkoutTracker.DataAccess", "WorkoutTracker.DataAccess\WorkoutTracker.DataAccess.csproj", "{7B11A124-1006-4D21-897C-F30D3C83C95E}"
EndProject
Global
	GlobalSection(SolutionConfigurationPlatforms) = preSolution
		Debug|Any CPU = Debug|Any CPU
		Debug|x64 = Debug|x64
		Debug|x86 = Debug|x86
		Release|Any CPU = Release|Any CPU
		Release|x64 = Release|x64
		Release|x86 = Release|x86
	EndGlobalSection
	GlobalSection(SolutionProperties) = preSolution
		HideSolutionNode = FALSE
	EndGlobalSection
	GlobalSection(ProjectConfigurationPlatforms) = postSolution
		{A7288687-BF8D-40F4-9830-E61B5296307B}.Debug|Any CPU.ActiveCfg = Debug|Any CPU
		{A7288687-BF8D-40F4-9830-E61B5296307B}.Debug|Any CPU.Build.0 = Debug|Any CPU
		{A7288687-BF8D-40F4-9830-E61B5296307B}.Debug|x64.ActiveCfg = Debug|x64
		{A7288687-BF8D-40F4-9830-E61B5296307B}.Debug|x64.Build.0 = Debug|x64
		{A7288687-BF8D-40F4-9830-E61B5296307B}.Debug|x86.ActiveCfg = Debug|x86
		{A7288687-BF8D-40F4-9830-E61B5296307B}.Debug|x86.Build.0 = Debug|x86
		{A7288687-BF8D-40F4-9830-E61B5296307B}.Release|Any CPU.ActiveCfg = Release|Any CPU
		{A7288687-BF8D-40F4-9830-E61B5296307B}.Release|Any CPU.Build.0 = Release|Any CPU
		{A7288687-BF8D-40F4-9830-E61B5296307B}.Release|x64.ActiveCfg = Release|x64
		{A7288687-BF8D-40F4-9830-E61B5296307B}.Release|x64.Build.0 = Release|x64
		{A7288687-BF8D-40F4-9830-E61B5296307B}.Release|x86.ActiveCfg = Release|x86
		{A7288687-BF8D-40F4-9830-E61B5296307B}.Release|x86.Build.0 = Release|x86
		{B1090A5D-18C7-4ED6-BFBA-4B58EA77B19D}.Debug|Any CPU.ActiveCfg = Debug|Any CPU
		{B1090A5D-18C7-4ED6-BFBA-4B58EA77B19D}.Debug|Any CPU.Build.0 = Debug|Any CPU
		{B1090A5D-18C7-4ED6-BFBA-4B58EA77B19D}.Debug|x64.ActiveCfg = Debug|x64
		{B1090A5D-18C7-4ED6-BFBA-4B58EA77B19D}.Debug|x64.Build.0 = Debug|x64
		{B1090A5D-18C7-4ED6-BFBA-4B58EA77B19D}.Debug|x86.ActiveCfg = Debug|x86
		{B1090A5D-18C7-4ED6-BFBA-4B58EA77B19D}.Debug|x86.Build.0 = Debug|x86
		{B1090A5D-18C7-4ED6-BFBA-4B58EA77B19D}.Release|Any CPU.ActiveCfg = Release|Any CPU
		{B1090A5D-18C7-4ED6-BFBA-4B58EA77B19D}.Release|Any CPU.Build.0 = Release|Any CPU
		{B1090A5D-18C7-4ED6-BFBA-4B58EA77B19D}.Release|x64.ActiveCfg = Release|x64
		{B1090A5D-18C7-4ED6-BFBA-4B58EA77B19D}.Release|x64.Build.0 = Release|x64
		{B1090A5D-18C7-4ED6-BFBA-4B58EA77B19D}.Release|x86.ActiveCfg = Release|x86
		{B1090A5D-18C7-4ED6-BFBA-4B58EA77B19D}.Release|x86.Build.0 = Release|x86
		{93E5FF33-15DC-40E3-A90B-602CD5ABFCF1}.Debug|Any CPU.ActiveCfg = Debug|Any CPU
		{93E5FF33-15DC-40E3-A90B-602CD5ABFCF1}.Debug|Any CPU.Build.0 = Debug|Any CPU
		{93E5FF33-15DC-40E3-A90B-602CD5ABFCF1}.Debug|x64.ActiveCfg = Debug|x64
		{93E5FF33-15DC-40E3-A90B-602CD5ABFCF1}.Debug|x64.Build.0 = Debug|x64
		{93E5FF33-15DC-40E3-A90B-602CD5ABFCF1}.Debug|x86.ActiveCfg = Debug|x86
		{93E5FF33-15DC-40E3-A90B-602CD5ABFCF1}.Debug|x86.Build.0 = Debug|x86
		{93E5FF33-15DC-40E3-A90B-602CD5ABFCF1}.Release|Any CPU.ActiveCfg = Release|Any CPU
		{93E5FF33-15DC-40E3-A90B-602CD5ABFCF1}.Release|Any CPU.Build.0 = Release|Any CPU
		{93E5FF33-15DC-40E3-A90B-602CD5ABFCF1}.Release|x64.ActiveCfg = Release|x64
		{93E5FF33-15DC-40E3-A90B-602CD5ABFCF1}.Release|x64.Build.0 = Release|x64
		{93E5FF33-15DC-40E3-A90B-602CD5ABFCF1}.Release|x86.ActiveCfg = Release|x86
		{93E5FF33-15DC-40E3-A90B-602CD5ABFCF1}.Release|x86.Build.0 = Release|x86
		{7B11A124-1006-4D21-897C-F30D3C83C95E}.Debug|Any CPU.ActiveCfg = Debug|Any CPU
		{7B11A124-1006-4D21-897C-F30D3C83C95E}.Debug|Any CPU.Build.0 = Debug|Any CPU
		{7B11A124-1006-4D21-897C-F30D3C83C95E}.Debug|x64.ActiveCfg = Debug|x64
		{7B11A124-1006-4D21-897C-F30D3C83C95E}.Debug|x64.Build.0 = Debug|x64
		{7B11A124-1006-4D21-897C-F30D3C83C95E}.Debug|x86.ActiveCfg = Debug|x86
		{7B11A124-1006-4D21-897C-F30D3C83C95E}.Debug|x86.Build.0 = Debug|x86
		{7B11A124-1006-4D21-897C-F30D3C83C95E}.Release|Any CPU.ActiveCfg = Release|Any CPU
		{7B11A124-1006-4D21-897C-F30D3C83C95E}.Release|Any CPU.Build.0 = Release|Any CPU
		{7B11A124-1006-4D21-897C-F30D3C83C95E}.Release|x64.ActiveCfg = Release|x64
		{7B11A124-1006-4D21-897C-F30D3C83C95E}.Release|x64.Build.0 = Release|x64
		{7B11A124-1006-4D21-897C-F30D3C83C95E}.Release|x86.ActiveCfg = Release|x86
		{7B11A124-1006-4D21-897C-F30D3C83C95E}.Release|x86.Build.0 = Release|x86
	EndGlobalSection
EndGlobal
